
Microsoft Visual Studio Solution File, Format Version 12.00
# Visual Studio Version 16
VisualStudioVersion = 16.0.30611.23
MinimumVisualStudioVersion = 10.0.40219.1
Project("{9A19103F-16F7-4668-BE54-9A1E7A4F7556}") = "TableTennis", "TableTennis\TableTennis.csproj", "{4E39CEE0-497D-4125-8B86-25ED47676406}"
EndProject
Project("{9A19103F-16F7-4668-BE54-9A1E7A4F7556}") = "TableTennis.DataAccess", "TableTennis.DataAccess\TableTennis.DataAccess.csproj", "{BD2E39A2-0512-4DB2-ACEE-B794BE07D769}"
EndProject
Project("{FAE04EC0-301F-11D3-BF4B-00C04F79EFBC}") = "TableTennis.Services", "TableTennis.Services\TableTennis.Services.csproj", "{8CB84B91-E73F-4128-9F9F-48D3C16A5378}"
EndProject
Global
	GlobalSection(SolutionConfigurationPlatforms) = preSolution
		Debug|Any CPU = Debug|Any CPU
		Release|Any CPU = Release|Any CPU
	EndGlobalSection
	GlobalSection(ProjectConfigurationPlatforms) = postSolution
		{4E39CEE0-497D-4125-8B86-25ED47676406}.Debug|Any CPU.ActiveCfg = Debug|Any CPU
		{4E39CEE0-497D-4125-8B86-25ED47676406}.Debug|Any CPU.Build.0 = Debug|Any CPU
		{4E39CEE0-497D-4125-8B86-25ED47676406}.Release|Any CPU.ActiveCfg = Release|Any CPU
		{4E39CEE0-497D-4125-8B86-25ED47676406}.Release|Any CPU.Build.0 = Release|Any CPU
		{BD2E39A2-0512-4DB2-ACEE-B794BE07D769}.Debug|Any CPU.ActiveCfg = Debug|Any CPU
		{BD2E39A2-0512-4DB2-ACEE-B794BE07D769}.Debug|Any CPU.Build.0 = Debug|Any CPU
		{BD2E39A2-0512-4DB2-ACEE-B794BE07D769}.Release|Any CPU.ActiveCfg = Release|Any CPU
		{BD2E39A2-0512-4DB2-ACEE-B794BE07D769}.Release|Any CPU.Build.0 = Release|Any CPU
		{8CB84B91-E73F-4128-9F9F-48D3C16A5378}.Debug|Any CPU.ActiveCfg = Debug|Any CPU
		{8CB84B91-E73F-4128-9F9F-48D3C16A5378}.Debug|Any CPU.Build.0 = Debug|Any CPU
		{8CB84B91-E73F-4128-9F9F-48D3C16A5378}.Release|Any CPU.ActiveCfg = Release|Any CPU
		{8CB84B91-E73F-4128-9F9F-48D3C16A5378}.Release|Any CPU.Build.0 = Release|Any CPU
	EndGlobalSection
	GlobalSection(SolutionProperties) = preSolution
		HideSolutionNode = FALSE
	EndGlobalSection
	GlobalSection(ExtensibilityGlobals) = postSolution
		SolutionGuid = {753EB295-70D2-4C6D-96DE-CF96843D4534}
	EndGlobalSection
EndGlobal
